# This file is automatically @generated by Cargo.
# It is not intended for manual editing.
version = 3

[[package]]
name = "advent_of_rust_day_5"
version = "0.1.0"
dependencies = [
 "regex",
]

[[package]]
name = "aho-corasick"
version = "0.4.0"
source = "registry+https://github.com/rust-lang/crates.io-index"
checksum = "8f36f237c490deb976b38aca6369182dceb5a7af249aabf41c0ba5a964bac5ed"
dependencies = [
 "memchr",
]

[[package]]
name = "libc"
version = "0.2.4"
source = "registry+https://github.com/rust-lang/crates.io-index"
checksum = "10569e57695cc2c91ca4214357907649c9e242dc822c9ae623d0e0b0d68aa4d9"

[[package]]
name = "memchr"
version = "0.1.7"
source = "registry+https://github.com/rust-lang/crates.io-index"
checksum = "dc66b0957bf6ae6590681ceac49b0df16823d43037d49aaf2ee658d483af30ab"
dependencies = [
 "libc",
]

[[package]]
name = "regex"
version = "0.1.43"
source = "registry+https://github.com/rust-lang/crates.io-index"
checksum = "b4fbcb6160ee01c86057a917d34b1f59165f717761738f99cb8d2a8f50657ecf"
dependencies = [
 "aho-corasick",
 "memchr",
 "regex-syntax",
]

[[package]]
name = "regex-syntax"
version = "0.2.2"
source = "registry+https://github.com/rust-lang/crates.io-index"
checksum = "fcf1e805b0a23c845be2a303136d840a1511284727bc1f1fc32d079552ef901f"
